// !$*UTF8*$!
{
	archiveVersion = 1;
	classes = {
	};
	objectVersion = 50;
	objects = {

/* Begin PBXBuildFile section */
		19C99ED82473E0420055B661 /* AppDelegate.swift in Sources */ = {isa = PBXBuildFile; fileRef = 19C99ED72473E0420055B661 /* AppDelegate.swift */; };
		19C99EE12473E0430055B661 /* Assets.xcassets in Resources */ = {isa = PBXBuildFile; fileRef = 19C99EE02473E0430055B661 /* Assets.xcassets */; };
		19C99EEF2473E0430055B661 /* TechMonTests.swift in Sources */ = {isa = PBXBuildFile; fileRef = 19C99EEE2473E0430055B661 /* TechMonTests.swift */; };
		19C99EFA2473E0430055B661 /* TechMonUITests.swift in Sources */ = {isa = PBXBuildFile; fileRef = 19C99EF92473E0430055B661 /* TechMonUITests.swift */; };
		19C9A05624743BB90055B661 /* lobby.png in Resources */ = {isa = PBXBuildFile; fileRef = 19C9A03D24743BB90055B661 /* lobby.png */; };
		19C9A05724743BB90055B661 /* battlebg.png in Resources */ = {isa = PBXBuildFile; fileRef = 19C9A03E24743BB90055B661 /* battlebg.png */; };
		19C9A05824743BB90055B661 /* bgimage.jpg in Resources */ = {isa = PBXBuildFile; fileRef = 19C9A03F24743BB90055B661 /* bgimage.jpg */; };
		19C9A05A24743BB90055B661 /* waku.png in Resources */ = {isa = PBXBuildFile; fileRef = 19C9A04124743BB90055B661 /* waku.png */; };
		19C9A05B24743BB90055B661 /* gold_button.png in Resources */ = {isa = PBXBuildFile; fileRef = 19C9A04224743BB90055B661 /* gold_button.png */; };
		19C9A05C24743BB90055B661 /* yusya.png in Resources */ = {isa = PBXBuildFile; fileRef = 19C9A04324743BB90055B661 /* yusya.png */; };
		19C9A05D24743BB90055B661 /* monster.png in Resources */ = {isa = PBXBuildFile; fileRef = 19C9A04424743BB90055B661 /* monster.png */; };
		19C9A06124743BB90055B661 /* SE_fanfare.mp3 in Resources */ = {isa = PBXBuildFile; fileRef = 19C9A04A24743BB90055B661 /* SE_fanfare.mp3 */; };
		19C9A06224743BB90055B661 /* BGM_battle001.mp3 in Resources */ = {isa = PBXBuildFile; fileRef = 19C9A04B24743BB90055B661 /* BGM_battle001.mp3 */; };
		19C9A06424743BB90055B661 /* SE_fire.mp3 in Resources */ = {isa = PBXBuildFile; fileRef = 19C9A04D24743BB90055B661 /* SE_fire.mp3 */; };
		19C9A06524743BB90055B661 /* SE_attack.mp3 in Resources */ = {isa = PBXBuildFile; fileRef = 19C9A04E24743BB90055B661 /* SE_attack.mp3 */; };
		19C9A06624743BB90055B661 /* SE_gameover.mp3 in Resources */ = {isa = PBXBuildFile; fileRef = 19C9A04F24743BB90055B661 /* SE_gameover.mp3 */; };
		19C9A06724743BB90055B661 /* SE_charge.mp3 in Resources */ = {isa = PBXBuildFile; fileRef = 19C9A05024743BB90055B661 /* SE_charge.mp3 */; };
		19C9A06824743BB90055B661 /* lobby.mp3 in Resources */ = {isa = PBXBuildFile; fileRef = 19C9A05124743BB90055B661 /* lobby.mp3 */; };
		19C9A06A24743BB90055B661 /* misaki_gothic.ttf in Resources */ = {isa = PBXBuildFile; fileRef = 19C9A05424743BB90055B661 /* misaki_gothic.ttf */; };
		19C9A0A22475932C0055B661 /* BattleViewController.swift in Sources */ = {isa = PBXBuildFile; fileRef = 19C9A09D2475932C0055B661 /* BattleViewController.swift */; };
		19C9A0A42475932C0055B661 /* LobbyViewController.swift in Sources */ = {isa = PBXBuildFile; fileRef = 19C9A09F2475932C0055B661 /* LobbyViewController.swift */; };
		19C9A0A52475932C0055B661 /* SceneDelegate.swift in Sources */ = {isa = PBXBuildFile; fileRef = 19C9A0A02475932C0055B661 /* SceneDelegate.swift */; };
		19C9A0A62475932C0055B661 /* ViewController.swift in Sources */ = {isa = PBXBuildFile; fileRef = 19C9A0A12475932C0055B661 /* ViewController.swift */; };
		19C9A0AB247598FD0055B661 /* Character.swift in Sources */ = {isa = PBXBuildFile; fileRef = 19C9A0A9247598FD0055B661 /* Character.swift */; };
		19C9A0AC247598FD0055B661 /* TechMonManager.swift in Sources */ = {isa = PBXBuildFile; fileRef = 19C9A0AA247598FD0055B661 /* TechMonManager.swift */; };
		19C9A0AF24759CD30055B661 /* Main.storyboard in Resources */ = {isa = PBXBuildFile; fileRef = 19C9A0AD24759CD30055B661 /* Main.storyboard */; };
/* End PBXBuildFile section */

/* Begin PBXContainerItemProxy section */
		19C99EEB2473E0430055B661 /* PBXContainerItemProxy */ = {
			isa = PBXContainerItemProxy;
			containerPortal = 19C99ECC2473E0420055B661 /* Project object */;
			proxyType = 1;
			remoteGlobalIDString = 19C99ED32473E0420055B661;
			remoteInfo = TechMon;
		};
		19C99EF62473E0430055B661 /* PBXContainerItemProxy */ = {
			isa = PBXContainerItemProxy;
			containerPortal = 19C99ECC2473E0420055B661 /* Project object */;
			proxyType = 1;
			remoteGlobalIDString = 19C99ED32473E0420055B661;
			remoteInfo = TechMon;
		};
/* End PBXContainerItemProxy section */

/* Begin PBXFileReference section */
		19C99ED42473E0420055B661 /* TechMon.app */ = {isa = PBXFileReference; explicitFileType = wrapper.application; includeInIndex = 0; path = TechMon.app; sourceTree = BUILT_PRODUCTS_DIR; };
		19C99ED72473E0420055B661 /* AppDelegate.swift */ = {isa = PBXFileReference; lastKnownFileType = sourcecode.swift; path = AppDelegate.swift; sourceTree = "<group>"; };
		19C99EE02473E0430055B661 /* Assets.xcassets */ = {isa = PBXFileReference; lastKnownFileType = folder.assetcatalog; path = Assets.xcassets; sourceTree = "<group>"; };
		19C99EE32473E0430055B661 /* Base */ = {isa = PBXFileReference; lastKnownFileType = file.storyboard; name = Base; path = Base.lproj/LaunchScreen.storyboard; sourceTree = "<group>"; };
		19C99EE52473E0430055B661 /* Info.plist */ = {isa = PBXFileReference; lastKnownFileType = text.plist.xml; path = Info.plist; sourceTree = "<group>"; };
		19C99EEA2473E0430055B661 /* TechMonTests.xctest */ = {isa = PBXFileReference; explicitFileType = wrapper.cfbundle; includeInIndex = 0; path = TechMonTests.xctest; sourceTree = BUILT_PRODUCTS_DIR; };
		19C99EEE2473E0430055B661 /* TechMonTests.swift */ = {isa = PBXFileReference; lastKnownFileType = sourcecode.swift; path = TechMonTests.swift; sourceTree = "<group>"; };
		19C99EF02473E0430055B661 /* Info.plist */ = {isa = PBXFileReference; lastKnownFileType = text.plist.xml; path = Info.plist; sourceTree = "<group>"; };
		19C99EF52473E0430055B661 /* TechMonUITests.xctest */ = {isa = PBXFileReference; explicitFileType = wrapper.cfbundle; includeInIndex = 0; path = TechMonUITests.xctest; sourceTree = BUILT_PRODUCTS_DIR; };
		19C99EF92473E0430055B661 /* TechMonUITests.swift */ = {isa = PBXFileReference; lastKnownFileType = sourcecode.swift; path = TechMonUITests.swift; sourceTree = "<group>"; };
		19C99EFB2473E0430055B661 /* Info.plist */ = {isa = PBXFileReference; lastKnownFileType = text.plist.xml; path = Info.plist; sourceTree = "<group>"; };
		19C9A03D24743BB90055B661 /* lobby.png */ = {isa = PBXFileReference; lastKnownFileType = image.png; path = lobby.png; sourceTree = "<group>"; };
		19C9A03E24743BB90055B661 /* battlebg.png */ = {isa = PBXFileReference; lastKnownFileType = image.png; path = battlebg.png; sourceTree = "<group>"; };
		19C9A03F24743BB90055B661 /* bgimage.jpg */ = {isa = PBXFileReference; lastKnownFileType = image.jpeg; path = bgimage.jpg; sourceTree = "<group>"; };
		19C9A04124743BB90055B661 /* waku.png */ = {isa = PBXFileReference; lastKnownFileType = image.png; path = waku.png; sourceTree = "<group>"; };
		19C9A04224743BB90055B661 /* gold_button.png */ = {isa = PBXFileReference; lastKnownFileType = image.png; path = gold_button.png; sourceTree = "<group>"; };
		19C9A04324743BB90055B661 /* yusya.png */ = {isa = PBXFileReference; lastKnownFileType = image.png; path = yusya.png; sourceTree = "<group>"; };
		19C9A04424743BB90055B661 /* monster.png */ = {isa = PBXFileReference; lastKnownFileType = image.png; path = monster.png; sourceTree = "<group>"; };
		19C9A04A24743BB90055B661 /* SE_fanfare.mp3 */ = {isa = PBXFileReference; lastKnownFileType = audio.mp3; path = SE_fanfare.mp3; sourceTree = "<group>"; };
		19C9A04B24743BB90055B661 /* BGM_battle001.mp3 */ = {isa = PBXFileReference; lastKnownFileType = audio.mp3; path = BGM_battle001.mp3; sourceTree = "<group>"; };
		19C9A04D24743BB90055B661 /* SE_fire.mp3 */ = {isa = PBXFileReference; lastKnownFileType = audio.mp3; path = SE_fire.mp3; sourceTree = "<group>"; };
		19C9A04E24743BB90055B661 /* SE_attack.mp3 */ = {isa = PBXFileReference; lastKnownFileType = audio.mp3; path = SE_attack.mp3; sourceTree = "<group>"; };
		19C9A04F24743BB90055B661 /* SE_gameover.mp3 */ = {isa = PBXFileReference; lastKnownFileType = audio.mp3; path = SE_gameover.mp3; sourceTree = "<group>"; };
		19C9A05024743BB90055B661 /* SE_charge.mp3 */ = {isa = PBXFileReference; lastKnownFileType = audio.mp3; path = SE_charge.mp3; sourceTree = "<group>"; };
		19C9A05124743BB90055B661 /* lobby.mp3 */ = {isa = PBXFileReference; lastKnownFileType = audio.mp3; path = lobby.mp3; sourceTree = "<group>"; };
		19C9A05424743BB90055B661 /* misaki_gothic.ttf */ = {isa = PBXFileReference; lastKnownFileType = file; path = misaki_gothic.ttf; sourceTree = "<group>"; };
		19C9A09D2475932C0055B661 /* BattleViewController.swift */ = {isa = PBXFileReference; fileEncoding = 4; lastKnownFileType = sourcecode.swift; path = BattleViewController.swift; sourceTree = "<group>"; };
		19C9A09F2475932C0055B661 /* LobbyViewController.swift */ = {isa = PBXFileReference; fileEncoding = 4; lastKnownFileType = sourcecode.swift; path = LobbyViewController.swift; sourceTree = "<group>"; };
		19C9A0A02475932C0055B661 /* SceneDelegate.swift */ = {isa = PBXFileReference; fileEncoding = 4; lastKnownFileType = sourcecode.swift; path = SceneDelegate.swift; sourceTree = "<group>"; };
		19C9A0A12475932C0055B661 /* ViewController.swift */ = {isa = PBXFileReference; fileEncoding = 4; lastKnownFileType = sourcecode.swift; path = ViewController.swift; sourceTree = "<group>"; };
		19C9A0A9247598FD0055B661 /* Character.swift */ = {isa = PBXFileReference; fileEncoding = 4; lastKnownFileType = sourcecode.swift; name = Character.swift; path = ../../../../../Downloads/TechMon_Resource/Models/Character.swift; sourceTree = "<group>"; };
		19C9A0AA247598FD0055B661 /* TechMonManager.swift */ = {isa = PBXFileReference; fileEncoding = 4; lastKnownFileType = sourcecode.swift; name = TechMonManager.swift; path = ../../../../../Downloads/TechMon_Resource/Models/TechMonManager.swift; sourceTree = "<group>"; };
		19C9A0AE24759CD30055B661 /* Base */ = {isa = PBXFileReference; lastKnownFileType = file.storyboard; name = Base; path = Base.lproj/Main.storyboard; sourceTree = "<group>"; };
/* End PBXFileReference section */

/* Begin PBXFrameworksBuildPhase section */
		19C99ED12473E0420055B661 /* Frameworks */ = {
			isa = PBXFrameworksBuildPhase;
			buildActionMask = 2147483647;
			files = (
			);
			runOnlyForDeploymentPostprocessing = 0;
		};
		19C99EE72473E0430055B661 /* Frameworks */ = {
			isa = PBXFrameworksBuildPhase;
			buildActionMask = 2147483647;
			files = (
			);
			runOnlyForDeploymentPostprocessing = 0;
		};
		19C99EF22473E0430055B661 /* Frameworks */ = {
			isa = PBXFrameworksBuildPhase;
			buildActionMask = 2147483647;
			files = (
			);
			runOnlyForDeploymentPostprocessing = 0;
		};
/* End PBXFrameworksBuildPhase section */

/* Begin PBXGroup section */
		19C99ECB2473E0420055B661 = {
			isa = PBXGroup;
			children = (
				19C99ED62473E0420055B661 /* TechMon */,
				19C99EED2473E0430055B661 /* TechMonTests */,
				19C99EF82473E0430055B661 /* TechMonUITests */,
				19C99ED52473E0420055B661 /* Products */,
			);
			sourceTree = "<group>";
		};
		19C99ED52473E0420055B661 /* Products */ = {
			isa = PBXGroup;
			children = (
				19C99ED42473E0420055B661 /* TechMon.app */,
				19C99EEA2473E0430055B661 /* TechMonTests.xctest */,
				19C99EF52473E0430055B661 /* TechMonUITests.xctest */,
			);
			name = Products;
			sourceTree = "<group>";
		};
		19C99ED62473E0420055B661 /* TechMon */ = {
			isa = PBXGroup;
			children = (
				19C9A0AD24759CD30055B661 /* Main.storyboard */,
				19C9A09D2475932C0055B661 /* BattleViewController.swift */,
				19C9A09F2475932C0055B661 /* LobbyViewController.swift */,
				19C9A0A9247598FD0055B661 /* Character.swift */,
				19C9A0AA247598FD0055B661 /* TechMonManager.swift */,
				19C9A0A02475932C0055B661 /* SceneDelegate.swift */,
				19C9A0A12475932C0055B661 /* ViewController.swift */,
				19C9A03A24743BB90055B661 /* TechMon_Resource */,
				19C99ED72473E0420055B661 /* AppDelegate.swift */,
				19C99EE02473E0430055B661 /* Assets.xcassets */,
				19C99EE22473E0430055B661 /* LaunchScreen.storyboard */,
				19C99EE52473E0430055B661 /* Info.plist */,
			);
			path = TechMon;
			sourceTree = "<group>";
		};
		19C99EED2473E0430055B661 /* TechMonTests */ = {
			isa = PBXGroup;
			children = (
				19C99EEE2473E0430055B661 /* TechMonTests.swift */,
				19C99EF02473E0430055B661 /* Info.plist */,
			);
			path = TechMonTests;
			sourceTree = "<group>";
		};
		19C99EF82473E0430055B661 /* TechMonUITests */ = {
			isa = PBXGroup;
			children = (
				19C99EF92473E0430055B661 /* TechMonUITests.swift */,
				19C99EFB2473E0430055B661 /* Info.plist */,
			);
			path = TechMonUITests;
			sourceTree = "<group>";
		};
		19C9A03A24743BB90055B661 /* TechMon_Resource */ = {
			isa = PBXGroup;
			children = (
				19C9A03C24743BB90055B661 /* Images */,
				19C9A04524743BB90055B661 /* Models */,
				19C9A04924743BB90055B661 /* Sounds */,
				19C9A05224743BB90055B661 /* Fonts */,
			);
			path = TechMon_Resource;
			sourceTree = "<group>";
		};
		19C9A03C24743BB90055B661 /* Images */ = {
			isa = PBXGroup;
			children = (
				19C9A03D24743BB90055B661 /* lobby.png */,
				19C9A03E24743BB90055B661 /* battlebg.png */,
				19C9A03F24743BB90055B661 /* bgimage.jpg */,
				19C9A04124743BB90055B661 /* waku.png */,
				19C9A04224743BB90055B661 /* gold_button.png */,
				19C9A04324743BB90055B661 /* yusya.png */,
				19C9A04424743BB90055B661 /* monster.png */,
			);
			path = Images;
			sourceTree = "<group>";
		};
		19C9A04524743BB90055B661 /* Models */ = {
			isa = PBXGroup;
			children = (
			);
			path = Models;
			sourceTree = "<group>";
		};
		19C9A04924743BB90055B661 /* Sounds */ = {
			isa = PBXGroup;
			children = (
				19C9A04B24743BB90055B661 /* BGM_battle001.mp3 */,
				19C9A04A24743BB90055B661 /* SE_fanfare.mp3 */,
				19C9A05024743BB90055B661 /* SE_charge.mp3 */,
				19C9A04E24743BB90055B661 /* SE_attack.mp3 */,
				19C9A05124743BB90055B661 /* lobby.mp3 */,
				19C9A04D24743BB90055B661 /* SE_fire.mp3 */,
				19C9A04F24743BB90055B661 /* SE_gameover.mp3 */,
			);
			path = Sounds;
			sourceTree = "<group>";
		};
		19C9A05224743BB90055B661 /* Fonts */ = {
			isa = PBXGroup;
			children = (
				19C9A05424743BB90055B661 /* misaki_gothic.ttf */,
			);
			path = Fonts;
			sourceTree = "<group>";
		};
/* End PBXGroup section */

/* Begin PBXNativeTarget section */
		19C99ED32473E0420055B661 /* TechMon */ = {
			isa = PBXNativeTarget;
			buildConfigurationList = 19C99EFE2473E0430055B661 /* Build configuration list for PBXNativeTarget "TechMon" */;
			buildPhases = (
				19C99ED02473E0420055B661 /* Sources */,
				19C99ED12473E0420055B661 /* Frameworks */,
				19C99ED22473E0420055B661 /* Resources */,
			);
			buildRules = (
			);
			dependencies = (
			);
			name = TechMon;
			productName = TechMon;
			productReference = 19C99ED42473E0420055B661 /* TechMon.app */;
			productType = "com.apple.product-type.application";
		};
		19C99EE92473E0430055B661 /* TechMonTests */ = {
			isa = PBXNativeTarget;
			buildConfigurationList = 19C99F012473E0430055B661 /* Build configuration list for PBXNativeTarget "TechMonTests" */;
			buildPhases = (
				19C99EE62473E0430055B661 /* Sources */,
				19C99EE72473E0430055B661 /* Frameworks */,
				19C99EE82473E0430055B661 /* Resources */,
			);
			buildRules = (
			);
			dependencies = (
				19C99EEC2473E0430055B661 /* PBXTargetDependency */,
			);
			name = TechMonTests;
			productName = TechMonTests;
			productReference = 19C99EEA2473E0430055B661 /* TechMonTests.xctest */;
			productType = "com.apple.product-type.bundle.unit-test";
		};
		19C99EF42473E0430055B661 /* TechMonUITests */ = {
			isa = PBXNativeTarget;
			buildConfigurationList = 19C99F042473E0430055B661 /* Build configuration list for PBXNativeTarget "TechMonUITests" */;
			buildPhases = (
				19C99EF12473E0430055B661 /* Sources */,
				19C99EF22473E0430055B661 /* Frameworks */,
				19C99EF32473E0430055B661 /* Resources */,
			);
			buildRules = (
			);
			dependencies = (
				19C99EF72473E0430055B661 /* PBXTargetDependency */,
			);
			name = TechMonUITests;
			productName = TechMonUITests;
			productReference = 19C99EF52473E0430055B661 /* TechMonUITests.xctest */;
			productType = "com.apple.product-type.bundle.ui-testing";
		};
/* End PBXNativeTarget section */

/* Begin PBXProject section */
		19C99ECC2473E0420055B661 /* Project object */ = {
			isa = PBXProject;
			attributes = {
				LastSwiftUpdateCheck = 1130;
				LastUpgradeCheck = 1130;
				ORGANIZATIONNAME = "Masaki Chonan";
				TargetAttributes = {
					19C99ED32473E0420055B661 = {
						CreatedOnToolsVersion = 11.3.1;
					};
					19C99EE92473E0430055B661 = {
						CreatedOnToolsVersion = 11.3.1;
						TestTargetID = 19C99ED32473E0420055B661;
					};
					19C99EF42473E0430055B661 = {
						CreatedOnToolsVersion = 11.3.1;
						TestTargetID = 19C99ED32473E0420055B661;
					};
				};
			};
			buildConfigurationList = 19C99ECF2473E0420055B661 /* Build configuration list for PBXProject "TechMon" */;
			compatibilityVersion = "Xcode 9.3";
			developmentRegion = en;
			hasScannedForEncodings = 0;
			knownRegions = (
				en,
				Base,
			);
			mainGroup = 19C99ECB2473E0420055B661;
			productRefGroup = 19C99ED52473E0420055B661 /* Products */;
			projectDirPath = "";
			projectRoot = "";
			targets = (
				19C99ED32473E0420055B661 /* TechMon */,
				19C99EE92473E0430055B661 /* TechMonTests */,
				19C99EF42473E0430055B661 /* TechMonUITests */,
			);
		};
/* End PBXProject section */

/* Begin PBXResourcesBuildPhase section */
		19C99ED22473E0420055B661 /* Resources */ = {
			isa = PBXResourcesBuildPhase;
			buildActionMask = 2147483647;
			files = (
				19C9A06A24743BB90055B661 /* misaki_gothic.ttf in Resources */,
				19C9A06424743BB90055B661 /* SE_fire.mp3 in Resources */,
				19C9A05C24743BB90055B661 /* yusya.png in Resources */,
				19C9A06624743BB90055B661 /* SE_gameover.mp3 in Resources */,
				19C9A05724743BB90055B661 /* battlebg.png in Resources */,
				19C9A06824743BB90055B661 /* lobby.mp3 in Resources */,
				19C9A0AF24759CD30055B661 /* Main.storyboard in Resources */,
				19C9A05A24743BB90055B661 /* waku.png in Resources */,
				19C99EE12473E0430055B661 /* Assets.xcassets in Resources */,
				19C9A05B24743BB90055B661 /* gold_button.png in Resources */,
				19C9A06124743BB90055B661 /* SE_fanfare.mp3 in Resources */,
				19C9A05824743BB90055B661 /* bgimage.jpg in Resources */,
				19C9A06524743BB90055B661 /* SE_attack.mp3 in Resources */,
				19C9A05624743BB90055B661 /* lobby.png in Resources */,
				19C9A05D24743BB90055B661 /* monster.png in Resources */,
				19C9A06724743BB90055B661 /* SE_charge.mp3 in Resources */,
				19C9A06224743BB90055B661 /* BGM_battle001.mp3 in Resources */,
			);
			runOnlyForDeploymentPostprocessing = 0;
		};
		19C99EE82473E0430055B661 /* Resources */ = {
			isa = PBXResourcesBuildPhase;
			buildActionMask = 2147483647;
			files = (
			);
			runOnlyForDeploymentPostprocessing = 0;
		};
		19C99EF32473E0430055B661 /* Resources */ = {
			isa = PBXResourcesBuildPhase;
			buildActionMask = 2147483647;
			files = (
			);
			runOnlyForDeploymentPostprocessing = 0;
		};
/* End PBXResourcesBuildPhase section */

/* Begin PBXSourcesBuildPhase section */
		19C99ED02473E0420055B661 /* Sources */ = {
			isa = PBXSourcesBuildPhase;
			buildActionMask = 2147483647;
			files = (
				19C9A0A22475932C0055B661 /* BattleViewController.swift in Sources */,
				19C9A0A42475932C0055B661 /* LobbyViewController.swift in Sources */,
				19C99ED82473E0420055B661 /* AppDelegate.swift in Sources */,
				19C9A0AB247598FD0055B661 /* Character.swift in Sources */,
				19C9A0A62475932C0055B661 /* ViewController.swift in Sources */,
				19C9A0AC247598FD0055B661 /* TechMonManager.swift in Sources */,
				19C9A0A52475932C0055B661 /* SceneDelegate.swift in Sources */,
			);
			runOnlyForDeploymentPostprocessing = 0;
		};
		19C99EE62473E0430055B661 /* Sources */ = {
			isa = PBXSourcesBuildPhase;
			buildActionMask = 2147483647;
			files = (
				19C99EEF2473E0430055B661 /* TechMonTests.swift in Sources */,
			);
			runOnlyForDeploymentPostprocessing = 0;
		};
		19C99EF12473E0430055B661 /* Sources */ = {
			isa = PBXSourcesBuildPhase;
			buildActionMask = 2147483647;
			files = (
				19C99EFA2473E0430055B661 /* TechMonUITests.swift in Sources */,
			);
			runOnlyForDeploymentPostprocessing = 0;
		};
/* End PBXSourcesBuildPhase section */

/* Begin PBXTargetDependency section */
		19C99EEC2473E0430055B661 /* PBXTargetDependency */ = {
			isa = PBXTargetDependency;
			target = 19C99ED32473E0420055B661 /* TechMon */;
			targetProxy = 19C99EEB2473E0430055B661 /* PBXContainerItemProxy */;
		};
		19C99EF72473E0430055B661 /* PBXTargetDependency */ = {
			isa = PBXTargetDependency;
			target = 19C99ED32473E0420055B661 /* TechMon */;
			targetProxy = 19C99EF62473E0430055B661 /* PBXContainerItemProxy */;
		};
/* End PBXTargetDependency section */

/* Begin PBXVariantGroup section */
		19C99EE22473E0430055B661 /* LaunchScreen.storyboard */ = {
			isa = PBXVariantGroup;
			children = (
				19C99EE32473E0430055B661 /* Base */,
			);
			name = LaunchScreen.storyboard;
			sourceTree = "<group>";
		};
		19C9A0AD24759CD30055B661 /* Main.storyboard */ = {
			isa = PBXVariantGroup;
			children = (
				19C9A0AE24759CD30055B661 /* Base */,
			);
			name = Main.storyboard;
			sourceTree = "<group>";
		};
/* End PBXVariantGroup section */

/* Begin XCBuildConfiguration section */
		19C99EFC2473E0430055B661 /* Debug */ = {
			isa = XCBuildConfiguration;
			buildSettings = {
				ALWAYS_SEARCH_USER_PATHS = NO;
				CLANG_ANALYZER_NONNULL = YES;
				CLANG_ANALYZER_NUMBER_OBJECT_CONVERSION = YES_AGGRESSIVE;
				CLANG_CXX_LANGUAGE_STANDARD = "gnu++14";
				CLANG_CXX_LIBRARY = "libc++";
				CLANG_ENABLE_MODULES = YES;
				CLANG_ENABLE_OBJC_ARC = YES;
				CLANG_ENABLE_OBJC_WEAK = YES;
				CLANG_WARN_BLOCK_CAPTURE_AUTORELEASING = YES;
				CLANG_WARN_BOOL_CONVERSION = YES;
				CLANG_WARN_COMMA = YES;
				CLANG_WARN_CONSTANT_CONVERSION = YES;
				CLANG_WARN_DEPRECATED_OBJC_IMPLEMENTATIONS = YES;
				CLANG_WARN_DIRECT_OBJC_ISA_USAGE = YES_ERROR;
				CLANG_WARN_DOCUMENTATION_COMMENTS = YES;
				CLANG_WARN_EMPTY_BODY = YES;
				CLANG_WARN_ENUM_CONVERSION = YES;
				CLANG_WARN_INFINITE_RECURSION = YES;
				CLANG_WARN_INT_CONVERSION = YES;
				CLANG_WARN_NON_LITERAL_NULL_CONVERSION = YES;
				CLANG_WARN_OBJC_IMPLICIT_RETAIN_SELF = YES;
				CLANG_WARN_OBJC_LITERAL_CONVERSION = YES;
				CLANG_WARN_OBJC_ROOT_CLASS = YES_ERROR;
				CLANG_WARN_RANGE_LOOP_ANALYSIS = YES;
				CLANG_WARN_STRICT_PROTOTYPES = YES;
				CLANG_WARN_SUSPICIOUS_MOVE = YES;
				CLANG_WARN_UNGUARDED_AVAILABILITY = YES_AGGRESSIVE;
				CLANG_WARN_UNREACHABLE_CODE = YES;
				CLANG_WARN__DUPLICATE_METHOD_MATCH = YES;
				COPY_PHASE_STRIP = NO;
				DEBUG_INFORMATION_FORMAT = dwarf;
				ENABLE_STRICT_OBJC_MSGSEND = YES;
				ENABLE_TESTABILITY = YES;
				GCC_C_LANGUAGE_STANDARD = gnu11;
				GCC_DYNAMIC_NO_PIC = NO;
				GCC_NO_COMMON_BLOCKS = YES;
				GCC_OPTIMIZATION_LEVEL = 0;
				GCC_PREPROCESSOR_DEFINITIONS = (
					"DEBUG=1",
					"$(inherited)",
				);
				GCC_WARN_64_TO_32_BIT_CONVERSION = YES;
				GCC_WARN_ABOUT_RETURN_TYPE = YES_ERROR;
				GCC_WARN_UNDECLARED_SELECTOR = YES;
				GCC_WARN_UNINITIALIZED_AUTOS = YES_AGGRESSIVE;
				GCC_WARN_UNUSED_FUNCTION = YES;
				GCC_WARN_UNUSED_VARIABLE = YES;
				IPHONEOS_DEPLOYMENT_TARGET = 13.2;
				MTL_ENABLE_DEBUG_INFO = INCLUDE_SOURCE;
				MTL_FAST_MATH = YES;
				ONLY_ACTIVE_ARCH = YES;
				SDKROOT = iphoneos;
				SWIFT_ACTIVE_COMPILATION_CONDITIONS = DEBUG;
				SWIFT_OPTIMIZATION_LEVEL = "-Onone";
			};
			name = Debug;
		};
		19C99EFD2473E0430055B661 /* Release */ = {
			isa = XCBuildConfiguration;
			buildSettings = {
				ALWAYS_SEARCH_USER_PATHS = NO;
				CLANG_ANALYZER_NONNULL = YES;
				CLANG_ANALYZER_NUMBER_OBJECT_CONVERSION = YES_AGGRESSIVE;
				CLANG_CXX_LANGUAGE_STANDARD = "gnu++14";
				CLANG_CXX_LIBRARY = "libc++";
				CLANG_ENABLE_MODULES = YES;
				CLANG_ENABLE_OBJC_ARC = YES;
				CLANG_ENABLE_OBJC_WEAK = YES;
				CLANG_WARN_BLOCK_CAPTURE_AUTORELEASING = YES;
				CLANG_WARN_BOOL_CONVERSION = YES;
				CLANG_WARN_COMMA = YES;
				CLANG_WARN_CONSTANT_CONVERSION = YES;
				CLANG_WARN_DEPRECATED_OBJC_IMPLEMENTATIONS = YES;
				CLANG_WARN_DIRECT_OBJC_ISA_USAGE = YES_ERROR;
				CLANG_WARN_DOCUMENTATION_COMMENTS = YES;
				CLANG_WARN_EMPTY_BODY = YES;
				CLANG_WARN_ENUM_CONVERSION = YES;
				CLANG_WARN_INFINITE_RECURSION = YES;
				CLANG_WARN_INT_CONVERSION = YES;
				CLANG_WARN_NON_LITERAL_NULL_CONVERSION = YES;
				CLANG_WARN_OBJC_IMPLICIT_RETAIN_SELF = YES;
				CLANG_WARN_OBJC_LITERAL_CONVERSION = YES;
				CLANG_WARN_OBJC_ROOT_CLASS = YES_ERROR;
				CLANG_WARN_RANGE_LOOP_ANALYSIS = YES;
				CLANG_WARN_STRICT_PROTOTYPES = YES;
				CLANG_WARN_SUSPICIOUS_MOVE = YES;
				CLANG_WARN_UNGUARDED_AVAILABILITY = YES_AGGRESSIVE;
				CLANG_WARN_UNREACHABLE_CODE = YES;
				CLANG_WARN__DUPLICATE_METHOD_MATCH = YES;
				COPY_PHASE_STRIP = NO;
				DEBUG_INFORMATION_FORMAT = "dwarf-with-dsym";
				ENABLE_NS_ASSERTIONS = NO;
				ENABLE_STRICT_OBJC_MSGSEND = YES;
				GCC_C_LANGUAGE_STANDARD = gnu11;
				GCC_NO_COMMON_BLOCKS = YES;
				GCC_WARN_64_TO_32_BIT_CONVERSION = YES;
				GCC_WARN_ABOUT_RETURN_TYPE = YES_ERROR;
				GCC_WARN_UNDECLARED_SELECTOR = YES;
				GCC_WARN_UNINITIALIZED_AUTOS = YES_AGGRESSIVE;
				GCC_WARN_UNUSED_FUNCTION = YES;
				GCC_WARN_UNUSED_VARIABLE = YES;
				IPHONEOS_DEPLOYMENT_TARGET = 13.2;
				MTL_ENABLE_DEBUG_INFO = NO;
				MTL_FAST_MATH = YES;
				SDKROOT = iphoneos;
				SWIFT_COMPILATION_MODE = wholemodule;
				SWIFT_OPTIMIZATION_LEVEL = "-O";
				VALIDATE_PRODUCT = YES;
			};
			name = Release;
		};
		19C99EFF2473E0430055B661 /* Debug */ = {
			isa = XCBuildConfiguration;
			buildSettings = {
				ASSETCATALOG_COMPILER_APPICON_NAME = AppIcon;
				CODE_SIGN_STYLE = Automatic;
				INFOPLIST_FILE = TechMon/Info.plist;
				LD_RUNPATH_SEARCH_PATHS = (
					"$(inherited)",
					"@executable_path/Frameworks",
				);
				PRODUCT_BUNDLE_IDENTIFIER = com.litech.TechMon;
				PRODUCT_NAME = TechMon;
				SWIFT_VERSION = 5.0;
				TARGETED_DEVICE_FAMILY = "1,2";
			};
			name = Debug;
		};
		19C99F002473E0430055B661 /* Release */ = {
			isa = XCBuildConfiguration;
			buildSettings = {
				ASSETCATALOG_COMPILER_APPICON_NAME = AppIcon;
				CODE_SIGN_STYLE = Automatic;
				INFOPLIST_FILE = TechMon/Info.plist;
				LD_RUNPATH_SEARCH_PATHS = (
					"$(inherited)",
					"@executable_path/Frameworks",
				);
				PRODUCT_BUNDLE_IDENTIFIER = com.litech.TechMon;
				PRODUCT_NAME = TechMon;
				SWIFT_VERSION = 5.0;
				TARGETED_DEVICE_FAMILY = "1,2";
			};
			name = Release;
		};
		19C99F022473E0430055B661 /* Debug */ = {
			isa = XCBuildConfiguration;
			buildSettings = {
				ALWAYS_EMBED_SWIFT_STANDARD_LIBRARIES = YES;
				BUNDLE_LOADER = "$(TEST_HOST)";
				CODE_SIGN_STYLE = Automatic;
				INFOPLIST_FILE = TechMonTests/Info.plist;
				IPHONEOS_DEPLOYMENT_TARGET = 13.2;
				LD_RUNPATH_SEARCH_PATHS = (
					"$(inherited)",
					"@executable_path/Frameworks",
					"@loader_path/Frameworks",
				);
				PRODUCT_BUNDLE_IDENTIFIER = com.litech.TechMonTests;
				PRODUCT_NAME = "$(TARGET_NAME)";
				SWIFT_VERSION = 5.0;
				TARGETED_DEVICE_FAMILY = "1,2";
				TEST_HOST = "$(BUILT_PRODUCTS_DIR)/TechMon.app/TechMon";
			};
			name = Debug;
		};
		19C99F032473E0430055B661 /* Release */ = {
			isa = XCBuildConfiguration;
			buildSettings = {
				ALWAYS_EMBED_SWIFT_STANDARD_LIBRARIES = YES;
				BUNDLE_LOADER = "$(TEST_HOST)";
				CODE_SIGN_STYLE = Automatic;
				INFOPLIST_FILE = TechMonTests/Info.plist;
				IPHONEOS_DEPLOYMENT_TARGET = 13.2;
				LD_RUNPATH_SEARCH_PATHS = (
					"$(inherited)",
					"@executable_path/Frameworks",
					"@loader_path/Frameworks",
				);
				PRODUCT_BUNDLE_IDENTIFIER = com.litech.TechMonTests;
				PRODUCT_NAME = "$(TARGET_NAME)";
				SWIFT_VERSION = 5.0;
				TARGETED_DEVICE_FAMILY = "1,2";
				TEST_HOST = "$(BUILT_PRODUCTS_DIR)/TechMon.app/TechMon";
			};
			name = Release;
		};
		19C99F052473E0430055B661 /* Debug */ = {
			isa = XCBuildConfiguration;
			buildSettings = {
				ALWAYS_EMBED_SWIFT_STANDARD_LIBRARIES = YES;
				CODE_SIGN_STYLE = Automatic;
				INFOPLIST_FILE = TechMonUITests/Info.plist;
				LD_RUNPATH_SEARCH_PATHS = (
					"$(inherited)",
					"@executable_path/Frameworks",
					"@loader_path/Frameworks",
				);
				PRODUCT_BUNDLE_IDENTIFIER = com.litech.TechMonUITests;
				PRODUCT_NAME = "$(TARGET_NAME)";
				SWIFT_VERSION = 5.0;
				TARGETED_DEVICE_FAMILY = "1,2";
				TEST_TARGET_NAME = TechMon;
			};
			name = Debug;
		};
		19C99F062473E0430055B661 /* Release */ = {
			isa = XCBuildConfiguration;
			buildSettings = {
				ALWAYS_EMBED_SWIFT_STANDARD_LIBRARIES = YES;
				CODE_SIGN_STYLE = Automatic;
				INFOPLIST_FILE = TechMonUITests/Info.plist;
				LD_RUNPATH_SEARCH_PATHS = (
					"$(inherited)",
					"@executable_path/Frameworks",
					"@loader_path/Frameworks",
				);
				PRODUCT_BUNDLE_IDENTIFIER = com.litech.TechMonUITests;
				PRODUCT_NAME = "$(TARGET_NAME)";
				SWIFT_VERSION = 5.0;
				TARGETED_DEVICE_FAMILY = "1,2";
				TEST_TARGET_NAME = TechMon;
			};
			name = Release;
		};
/* End XCBuildConfiguration section */

/* Begin XCConfigurationList section */
		19C99ECF2473E0420055B661 /* Build configuration list for PBXProject "TechMon" */ = {
			isa = XCConfigurationList;
			buildConfigurations = (
				19C99EFC2473E0430055B661 /* Debug */,
				19C99EFD2473E0430055B661 /* Release */,
			);
			defaultConfigurationIsVisible = 0;
			defaultConfigurationName = Release;
		};
		19C99EFE2473E0430055B661 /* Build configuration list for PBXNativeTarget "TechMon" */ = {
			isa = XCConfigurationList;
			buildConfigurations = (
				19C99EFF2473E0430055B661 /* Debug */,
				19C99F002473E0430055B661 /* Release */,
			);
			defaultConfigurationIsVisible = 0;
			defaultConfigurationName = Release;
		};
		19C99F012473E0430055B661 /* Build configuration list for PBXNativeTarget "TechMonTests" */ = {
			isa = XCConfigurationList;
			buildConfigurations = (
				19C99F022473E0430055B661 /* Debug */,
				19C99F032473E0430055B661 /* Release */,
			);
			defaultConfigurationIsVisible = 0;
			defaultConfigurationName = Release;
		};
		19C99F042473E0430055B661 /* Build configuration list for PBXNativeTarget "TechMonUITests" */ = {
			isa = XCConfigurationList;
			buildConfigurations = (
				19C99F052473E0430055B661 /* Debug */,
				19C99F062473E0430055B661 /* Release */,
			);
			defaultConfigurationIsVisible = 0;
			defaultConfigurationName = Release;
		};
/* End XCConfigurationList section */
	};
	rootObject = 19C99ECC2473E0420055B661 /* Project object */;
}
